
Microsoft Visual Studio Solution File, Format Version 12.00
# Visual Studio Version 17
VisualStudioVersion = 17.6.33723.286
MinimumVisualStudioVersion = 10.0.40219.1
Project("{FAE04EC0-301F-11D3-BF4B-00C04F79EFBC}") = "FileWorxClient", "FileWorxClient\FileWorxClient.csproj", "{62E165E0-AD9F-4118-BD67-091E80C14F43}"
EndProject
Project("{FAE04EC0-301F-11D3-BF4B-00C04F79EFBC}") = "FileWorxServer", "FXClass\FileWorxServer.csproj", "{7D94003F-5A7B-4718-B37A-8500CE39B7FB}"
EndProject
Global
	GlobalSection(SolutionConfigurationPlatforms) = preSolution
		Debug|Any CPU = Debug|Any CPU
		Release|Any CPU = Release|Any CPU
	EndGlobalSection
	GlobalSection(ProjectConfigurationPlatforms) = postSolution
		{62E165E0-AD9F-4118-BD67-091E80C14F43}.Debug|Any CPU.ActiveCfg = Debug|Any CPU
		{62E165E0-AD9F-4118-BD67-091E80C14F43}.Debug|Any CPU.Build.0 = Debug|Any CPU
		{62E165E0-AD9F-4118-BD67-091E80C14F43}.Release|Any CPU.ActiveCfg = Release|Any CPU
		{62E165E0-AD9F-4118-BD67-091E80C14F43}.Release|Any CPU.Build.0 = Release|Any CPU
		{7D94003F-5A7B-4718-B37A-8500CE39B7FB}.Debug|Any CPU.ActiveCfg = Debug|Any CPU
		{7D94003F-5A7B-4718-B37A-8500CE39B7FB}.Debug|Any CPU.Build.0 = Debug|Any CPU
		{7D94003F-5A7B-4718-B37A-8500CE39B7FB}.Release|Any CPU.ActiveCfg = Release|Any CPU
		{7D94003F-5A7B-4718-B37A-8500CE39B7FB}.Release|Any CPU.Build.0 = Release|Any CPU
	EndGlobalSection
	GlobalSection(SolutionProperties) = preSolution
		HideSolutionNode = FALSE
	EndGlobalSection
	GlobalSection(ExtensibilityGlobals) = postSolution
		SolutionGuid = {C93CC0DD-A945-48BB-B2FC-465D8DCD3781}
	EndGlobalSection
EndGlobal
